{
  "name": "hw-ajs-3-2",
  "version": "1.0.0",
  "lockfileVersion": 1,
  "requires": true,
  "dependencies": {
    "@kononova-daria/hw-ajs-3": {
      "version": "1.0.0",
      "resolved": "https://npm.pkg.github.com/download/@kononova-daria/hw-ajs-3/1.0.0/7b2992773f01684d48534ecca73f0f76a5308e4dd00ba36e19870cd545d5241c",
      "integrity": "sha512-4Qo8Il1GETozdVjpz9QQ/7LmzGoUyPWW5jfgUuhxDVvo41dGrs6Jw+zX5Vb5V0WJyp2w3VasI6Ds4FdZBIzpDQ=="
    }
  }
}
